
Microsoft Visual Studio Solution File, Format Version 12.00
# Visual Studio Version 16
VisualStudioVersion = 16.0.32510.428
MinimumVisualStudioVersion = 10.0.40219.1
Project("{FAE04EC0-301F-11D3-BF4B-00C04F79EFBC}") = "MyFirsrProg", "MyFirsrProg\MyFirsrProg.csproj", "{BFD7BB52-1B15-4318-B8D8-8B6B8F14BD9E}"
EndProject
Global
	GlobalSection(SolutionConfigurationPlatforms) = preSolution
		Debug|Any CPU = Debug|Any CPU
		Release|Any CPU = Release|Any CPU
	EndGlobalSection
	GlobalSection(ProjectConfigurationPlatforms) = postSolution
		{BFD7BB52-1B15-4318-B8D8-8B6B8F14BD9E}.Debug|Any CPU.ActiveCfg = Debug|Any CPU
		{BFD7BB52-1B15-4318-B8D8-8B6B8F14BD9E}.Debug|Any CPU.Build.0 = Debug|Any CPU
		{BFD7BB52-1B15-4318-B8D8-8B6B8F14BD9E}.Release|Any CPU.ActiveCfg = Release|Any CPU
		{BFD7BB52-1B15-4318-B8D8-8B6B8F14BD9E}.Release|Any CPU.Build.0 = Release|Any CPU
	EndGlobalSection
	GlobalSection(SolutionProperties) = preSolution
		HideSolutionNode = FALSE
	EndGlobalSection
	GlobalSection(ExtensibilityGlobals) = postSolution
		SolutionGuid = {D175D24C-22A1-43FF-B6CB-A23CED336D79}
	EndGlobalSection
EndGlobal
